
Microsoft Visual Studio Solution File, Format Version 12.00
# Visual Studio Version 16
VisualStudioVersion = 16.0.33423.256
MinimumVisualStudioVersion = 10.0.40219.1
Project("{FAE04EC0-301F-11D3-BF4B-00C04F79EFBC}") = "Calc_TranQuangTruong", "Calc_TranQuangTruong.csproj", "{6E2ECF85-9B01-4E59-B0CD-01FCFB2FCDA8}"
EndProject
Global
	GlobalSection(SolutionConfigurationPlatforms) = preSolution
		Debug|Any CPU = Debug|Any CPU
		Release|Any CPU = Release|Any CPU
	EndGlobalSection
	GlobalSection(ProjectConfigurationPlatforms) = postSolution
		{6E2ECF85-9B01-4E59-B0CD-01FCFB2FCDA8}.Debug|Any CPU.ActiveCfg = Debug|Any CPU
		{6E2ECF85-9B01-4E59-B0CD-01FCFB2FCDA8}.Debug|Any CPU.Build.0 = Debug|Any CPU
		{6E2ECF85-9B01-4E59-B0CD-01FCFB2FCDA8}.Release|Any CPU.ActiveCfg = Release|Any CPU
		{6E2ECF85-9B01-4E59-B0CD-01FCFB2FCDA8}.Release|Any CPU.Build.0 = Release|Any CPU
	EndGlobalSection
	GlobalSection(SolutionProperties) = preSolution
		HideSolutionNode = FALSE
	EndGlobalSection
	GlobalSection(ExtensibilityGlobals) = postSolution
		SolutionGuid = {41911D94-962D-4292-88A4-E58FFCABAB5F}
	EndGlobalSection
EndGlobal
